
Microsoft Visual Studio Solution File, Format Version 11.00
# Visual Studio 2010
Project("{FAE04EC0-301F-11D3-BF4B-00C04F79EFBC}") = "NCommander", "NCommander.csproj", "{A9E25E5D-EB90-4B4A-8793-4E9D97037E42}"
EndProject
Project("{FAE04EC0-301F-11D3-BF4B-00C04F79EFBC}") = "NCommanderTests", "NCommanderTests\NCommanderTests.csproj", "{89141BAC-4A12-4CDC-A9C0-701B07606925}"
EndProject
Global
	GlobalSection(SolutionConfigurationPlatforms) = preSolution
		Debug|Any CPU = Debug|Any CPU
		Release|Any CPU = Release|Any CPU
	EndGlobalSection
	GlobalSection(ProjectConfigurationPlatforms) = postSolution
		{89141BAC-4A12-4CDC-A9C0-701B07606925}.Debug|Any CPU.ActiveCfg = Debug|Any CPU
		{89141BAC-4A12-4CDC-A9C0-701B07606925}.Debug|Any CPU.Build.0 = Debug|Any CPU
		{89141BAC-4A12-4CDC-A9C0-701B07606925}.Release|Any CPU.ActiveCfg = Release|Any CPU
		{89141BAC-4A12-4CDC-A9C0-701B07606925}.Release|Any CPU.Build.0 = Release|Any CPU
		{A9E25E5D-EB90-4B4A-8793-4E9D97037E42}.Debug|Any CPU.ActiveCfg = Debug|Any CPU
		{A9E25E5D-EB90-4B4A-8793-4E9D97037E42}.Debug|Any CPU.Build.0 = Debug|Any CPU
		{A9E25E5D-EB90-4B4A-8793-4E9D97037E42}.Release|Any CPU.ActiveCfg = Release|Any CPU
		{A9E25E5D-EB90-4B4A-8793-4E9D97037E42}.Release|Any CPU.Build.0 = Release|Any CPU
	EndGlobalSection
	GlobalSection(MonoDevelopProperties) = preSolution
		StartupItem = NCommander.csproj
	EndGlobalSection
EndGlobal
